{
    "_meta": {
        "hash": {
            "sha256": "77db48d03491aa8135aee9b68240dcea367c2b1ac822ae2abf9ac60daaeddd40"
        },
        "pipfile-spec": 6,
        "requires": {
            "python_version": "3.10"
        },
        "sources": [
            {
                "name": "pypi",
                "url": "https://pypi.org/simple",
                "verify_ssl": true
            }
        ]
    },
    "default": {
        "docopt": {
            "hashes": [
                "sha256:49b3a825280bd66b3aa83585ef59c4a8c82f2c8a522dbe754a8bc8d08c85c491"
            ],
            "index": "pypi",
            "version": "==0.6.2"
        },
        "lxml": {
            "hashes": [
                "sha256:078306d19a33920004addeb5f4630781aaeabb6a8d01398045fcde085091a169",
                "sha256:0c1978ff1fd81ed9dcbba4f91cf09faf1f8082c9d72eb122e92294716c605428",
                "sha256:1010042bfcac2b2dc6098260a2ed022968dbdfaf285fc65a3acf8e4eb1ffd1bc",
                "sha256:1d650812b52d98679ed6c6b3b55cbb8fe5a5460a0aef29aeb08dc0b44577df85",
                "sha256:20b8a746a026017acf07da39fdb10aa80ad9877046c9182442bf80c84a1c4696",
                "sha256:2403a6d6fb61c285969b71f4a3527873fe93fd0abe0832d858a17fe68c8fa507",
                "sha256:24f5c5ae618395ed871b3d8ebfcbb36e3f1091fd847bf54c4de623f9107942f3",
                "sha256:28d1af847786f68bec57961f31221125c29d6f52d9187c01cd34dc14e2b29430",
                "sha256:31499847fc5f73ee17dbe1b8e24c6dafc4e8d5b48803d17d22988976b0171f03",
                "sha256:31ba2cbc64516dcdd6c24418daa7abff989ddf3ba6d3ea6f6ce6f2ed6e754ec9",
                "sha256:330bff92c26d4aee79c5bc4d9967858bdbe73fdbdbacb5daf623a03a914fe05b",
                "sha256:5045ee1ccd45a89c4daec1160217d363fcd23811e26734688007c26f28c9e9e7",
                "sha256:52cbf2ff155b19dc4d4100f7442f6a697938bf4493f8d3b0c51d45568d5666b5",
                "sha256:530f278849031b0eb12f46cca0e5db01cfe5177ab13bd6878c6e739319bae654",
                "sha256:545bd39c9481f2e3f2727c78c169425efbfb3fbba6e7db4f46a80ebb249819ca",
                "sha256:5804e04feb4e61babf3911c2a974a5b86f66ee227cc5006230b00ac6d285b3a9",
                "sha256:5a58d0b12f5053e270510bf12f753a76aaf3d74c453c00942ed7d2c804ca845c",
                "sha256:5f148b0c6133fb928503cfcdfdba395010f997aa44bcf6474fcdd0c5398d9b63",
                "sha256:5f7d7d9afc7b293147e2d506a4596641d60181a35279ef3aa5778d0d9d9123fe",
                "sha256:60d2f60bd5a2a979df28ab309352cdcf8181bda0cca4529769a945f09aba06f9",
                "sha256:6259b511b0f2527e6d55ad87acc1c07b3cbffc3d5e050d7e7bcfa151b8202df9",
                "sha256:6268e27873a3d191849204d00d03f65c0e343b3bcb518a6eaae05677c95621d1",
                "sha256:627e79894770783c129cc5e89b947e52aa26e8e0557c7e205368a809da4b7939",
                "sha256:62f93eac69ec0f4be98d1b96f4d6b964855b8255c345c17ff12c20b93f247b68",
                "sha256:6d6483b1229470e1d8835e52e0ff3c6973b9b97b24cd1c116dca90b57a2cc613",
                "sha256:6f7b82934c08e28a2d537d870293236b1000d94d0b4583825ab9649aef7ddf63",
                "sha256:6fe4ef4402df0250b75ba876c3795510d782def5c1e63890bde02d622570d39e",
                "sha256:719544565c2937c21a6f76d520e6e52b726d132815adb3447ccffbe9f44203c4",
                "sha256:730766072fd5dcb219dd2b95c4c49752a54f00157f322bc6d71f7d2a31fecd79",
                "sha256:74eb65ec61e3c7c019d7169387d1b6ffcfea1b9ec5894d116a9a903636e4a0b1",
                "sha256:7993232bd4044392c47779a3c7e8889fea6883be46281d45a81451acfd704d7e",
                "sha256:80bbaddf2baab7e6de4bc47405e34948e694a9efe0861c61cdc23aa774fcb141",
                "sha256:86545e351e879d0b72b620db6a3b96346921fa87b3d366d6c074e5a9a0b8dadb",
                "sha256:891dc8f522d7059ff0024cd3ae79fd224752676447f9c678f2a5c14b84d9a939",
                "sha256:8a31f24e2a0b6317f33aafbb2f0895c0bce772980ae60c2c640d82caac49628a",
                "sha256:8b99ec73073b37f9ebe8caf399001848fced9c08064effdbfc4da2b5a8d07b93",
                "sha256:986b7a96228c9b4942ec420eff37556c5777bfba6758edcb95421e4a614b57f9",
                "sha256:a1547ff4b8a833511eeaceacbcd17b043214fcdb385148f9c1bc5556ca9623e2",
                "sha256:a2bfc7e2a0601b475477c954bf167dee6d0f55cb167e3f3e7cefad906e7759f6",
                "sha256:a3c5f1a719aa11866ffc530d54ad965063a8cbbecae6515acbd5f0fae8f48eaa",
                "sha256:a9f1c3489736ff8e1c7652e9dc39f80cff820f23624f23d9eab6e122ac99b150",
                "sha256:aa0cf4922da7a3c905d000b35065df6184c0dc1d866dd3b86fd961905bbad2ea",
                "sha256:ad4332a532e2d5acb231a2e5d33f943750091ee435daffca3fec0a53224e7e33",
                "sha256:b2582b238e1658c4061ebe1b4df53c435190d22457642377fd0cb30685cdfb76",
                "sha256:b6fc2e2fb6f532cf48b5fed57567ef286addcef38c28874458a41b7837a57807",
                "sha256:b92d40121dcbd74831b690a75533da703750f7041b4bf951befc657c37e5695a",
                "sha256:bbab6faf6568484707acc052f4dfc3802bdb0cafe079383fbaa23f1cdae9ecd4",
                "sha256:c0b88ed1ae66777a798dc54f627e32d3b81c8009967c63993c450ee4cbcbec15",
                "sha256:ce13d6291a5f47c1c8dbd375baa78551053bc6b5e5c0e9bb8e39c0a8359fd52f",
                "sha256:db3535733f59e5605a88a706824dfcb9bd06725e709ecb017e165fc1d6e7d429",
                "sha256:dd10383f1d6b7edf247d0960a3db274c07e96cf3a3fc7c41c8448f93eac3fb1c",
                "sha256:e01f9531ba5420838c801c21c1b0f45dbc9607cb22ea2cf132844453bec863a5",
                "sha256:e11527dc23d5ef44d76fef11213215c34f36af1608074561fcc561d983aeb870",
                "sha256:e1ab2fac607842ac36864e358c42feb0960ae62c34aa4caaf12ada0a1fb5d99b",
                "sha256:e1fd7d2fe11f1cb63d3336d147c852f6d07de0d0020d704c6031b46a30b02ca8",
                "sha256:e9f84ed9f4d50b74fbc77298ee5c870f67cb7e91dcdc1a6915cb1ff6a317476c",
                "sha256:ec4b4e75fc68da9dc0ed73dcdb431c25c57775383fec325d23a770a64e7ebc87",
                "sha256:f10ce66fcdeb3543df51d423ede7e238be98412232fca5daec3e54bcd16b8da0",
                "sha256:f63f62fc60e6228a4ca9abae28228f35e1bd3ce675013d1dfb828688d50c6e23",
                "sha256:fa56bb08b3dd8eac3a8c5b7d075c94e74f755fd9d8a04543ae8d37b1612dd170",
                "sha256:fa9b7c450be85bfc6cd39f6df8c5b8cbd76b5d6fc1f69efec80203f9894b885f"
            ],
            "markers": "python_version >= '2.7' and python_version not in '3.0, 3.1, 3.2, 3.3, 3.4'",
            "version": "==4.8.0"
        },
        "packaging": {
            "hashes": [
                "sha256:dd47c42927d89ab911e606518907cc2d3a1f38bbd026385970643f9c5b8ecfeb",
                "sha256:ef103e05f519cdc783ae24ea4e2e0f508a9c99b2d4969652eed6a2e1ea5bd522"
            ],
            "markers": "python_version >= '3.6'",
            "version": "==21.3"
        },
        "pikepdf": {
            "hashes": [
                "sha256:01be838a44430c4be84b748a33950fed09892472934a8041596c11189f365f7f",
                "sha256:0cc95ef470169dfa5acc9196299bdba236716234a0d8b2746e2a563bc6f1f456",
                "sha256:13e72d0aeeb3fc452569a3f7994acdd007de9aad804ced734d57cec269261b8b",
                "sha256:2873503522ef26a09a6020c29c2efd221fa2ddc31e83bd902be27d317144cf63",
                "sha256:2d5d6d3248b33ca5961d84bc3121a299cd27237fad56868d815e381c9a98d3d1",
                "sha256:2f62e6c7bcf5d631e6ea74cf861f3e816f587c6ccb4ecbf6ac862e088ba2e4ac",
                "sha256:51694d3d2f90510da6a8d7a4d07313ca868b373fffec6de270d9bbff1ce37180",
                "sha256:5c23cbd7ae71f08fb5b5d9660eb0bc61abf345ada01bea6e1b6884c4261e17d6",
                "sha256:6371bf02a436be2b7c63322b83a8e47523f2cd16438b2e93d546c7caf9ae308d",
                "sha256:657293b74af8c7cf03f9905218a7935b26a4f3006803016b40b3db78e04cb35c",
                "sha256:680d47377bb9fd6a36b6a81464ee269b4b29cbf29a84ae4f2ab8f6ea3665bf69",
                "sha256:710535c679ab0d7b8249f72247832773e7a9a121dfbe9cad7f6465bd9bb45fae",
                "sha256:7b4d7c09036d863915cb01007ca183d6fe64e2d57c0472453097bc9e029a58fb",
                "sha256:978b6388ae99a024bdcae5a322c68e90c187cb568d09d43e6586b3479267121d",
                "sha256:9917a03d500aab72715a9236136af7a5c8c7b26c034bf71ebdf028e177f0d25f",
                "sha256:996faa6b119488f96d7271672a22af86e56e5544ec6b8eae6cd7d4432c70ae2d",
                "sha256:9bac9e9d6b28dc0cc5a554051f183fbd070d0f9fe63c4e9aca939b8c44a5bb4d",
                "sha256:aac14061de06843759ea6f5777fd8d7b71af808ed9264f57483a3311a09788ab",
                "sha256:ad5361c3669fc0c8dbaf8fa0a590bddf59fad256bb2c527d5ce5cf991743a240",
                "sha256:bc40b30c37f8f7c5bef873eca1f04e91ce34b6b74507d8d0019238a17d281fdc",
                "sha256:bd9faae19787a5d05b9fcbe84d7cfe4d44e318068e06eca18906b9dba45425b6",
                "sha256:c64e7905ec438b7a6c12626f2859df87f471892fab75b65b1441d9e1b38b4dde",
                "sha256:d4db409b21a8ec0d3a79d2bbd894b997b13223c9ccf341cdc31b64360f1ee4c7",
                "sha256:e0b635d6d9faefb4d0d32722279b8eb4e4d5d7b596c426f3433343de65e0c772",
                "sha256:e62e9e8afe77fe2f06715faf10f38a4810d282d66f1e9e05208bb8d9723e6acf",
                "sha256:f85d309bcfeeb3e2d344346a5050bfc41e332f19d390f79c20e4fc7de4b10a17",
                "sha256:fe3fc2efe498aba6204b85c17c6a5d54ab7303354ecc5c3da624a6b6af0b3406"
            ],
            "index": "pypi",
            "version": "==5.1.1"
        },
        "pillow": {
            "hashes": [
                "sha256:01ce45deec9df310cbbee11104bae1a2a43308dd9c317f99235b6d3080ddd66e",
                "sha256:0c51cb9edac8a5abd069fd0758ac0a8bfe52c261ee0e330f363548aca6893595",
                "sha256:17869489de2fce6c36690a0c721bd3db176194af5f39249c1ac56d0bb0fcc512",
                "sha256:21dee8466b42912335151d24c1665fcf44dc2ee47e021d233a40c3ca5adae59c",
                "sha256:25023a6209a4d7c42154073144608c9a71d3512b648a2f5d4465182cb93d3477",
                "sha256:255c9d69754a4c90b0ee484967fc8818c7ff8311c6dddcc43a4340e10cd1636a",
                "sha256:35be4a9f65441d9982240e6966c1eaa1c654c4e5e931eaf580130409e31804d4",
                "sha256:3f42364485bfdab19c1373b5cd62f7c5ab7cc052e19644862ec8f15bb8af289e",
                "sha256:3fddcdb619ba04491e8f771636583a7cc5a5051cd193ff1aa1ee8616d2a692c5",
                "sha256:463acf531f5d0925ca55904fa668bb3461c3ef6bc779e1d6d8a488092bdee378",
                "sha256:4fe29a070de394e449fd88ebe1624d1e2d7ddeed4c12e0b31624561b58948d9a",
                "sha256:55dd1cf09a1fd7c7b78425967aacae9b0d70125f7d3ab973fadc7b5abc3de652",
                "sha256:5a3ecc026ea0e14d0ad7cd990ea7f48bfcb3eb4271034657dc9d06933c6629a7",
                "sha256:5cfca31ab4c13552a0f354c87fbd7f162a4fafd25e6b521bba93a57fe6a3700a",
                "sha256:66822d01e82506a19407d1afc104c3fcea3b81d5eb11485e593ad6b8492f995a",
                "sha256:69e5ddc609230d4408277af135c5b5c8fe7a54b2bdb8ad7c5100b86b3aab04c6",
                "sha256:6b6d4050b208c8ff886fd3db6690bf04f9a48749d78b41b7a5bf24c236ab0165",
                "sha256:7a053bd4d65a3294b153bdd7724dce864a1d548416a5ef61f6d03bf149205160",
                "sha256:82283af99c1c3a5ba1da44c67296d5aad19f11c535b551a5ae55328a317ce331",
                "sha256:8782189c796eff29dbb37dd87afa4ad4d40fc90b2742704f94812851b725964b",
                "sha256:8d79c6f468215d1a8415aa53d9868a6b40c4682165b8cb62a221b1baa47db458",
                "sha256:97bda660702a856c2c9e12ec26fc6d187631ddfd896ff685814ab21ef0597033",
                "sha256:a325ac71914c5c043fa50441b36606e64a10cd262de12f7a179620f579752ff8",
                "sha256:a336a4f74baf67e26f3acc4d61c913e378e931817cd1e2ef4dfb79d3e051b481",
                "sha256:a598d8830f6ef5501002ae85c7dbfcd9c27cc4efc02a1989369303ba85573e58",
                "sha256:a5eaf3b42df2bcda61c53a742ee2c6e63f777d0e085bbc6b2ab7ed57deb13db7",
                "sha256:aea7ce61328e15943d7b9eaca87e81f7c62ff90f669116f857262e9da4057ba3",
                "sha256:af79d3fde1fc2e33561166d62e3b63f0cc3e47b5a3a2e5fea40d4917754734ea",
                "sha256:c24f718f9dd73bb2b31a6201e6db5ea4a61fdd1d1c200f43ee585fc6dcd21b34",
                "sha256:c5b0ff59785d93b3437c3703e3c64c178aabada51dea2a7f2c5eccf1bcf565a3",
                "sha256:c7110ec1701b0bf8df569a7592a196c9d07c764a0a74f65471ea56816f10e2c8",
                "sha256:c870193cce4b76713a2b29be5d8327c8ccbe0d4a49bc22968aa1e680930f5581",
                "sha256:c9efef876c21788366ea1f50ecb39d5d6f65febe25ad1d4c0b8dff98843ac244",
                "sha256:de344bcf6e2463bb25179d74d6e7989e375f906bcec8cb86edb8b12acbc7dfef",
                "sha256:eb1b89b11256b5b6cad5e7593f9061ac4624f7651f7a8eb4dfa37caa1dfaa4d0",
                "sha256:ed742214068efa95e9844c2d9129e209ed63f61baa4d54dbf4cf8b5e2d30ccf2",
                "sha256:f401ed2bbb155e1ade150ccc63db1a4f6c1909d3d378f7d1235a44e90d75fb97",
                "sha256:fb89397013cf302f282f0fc998bb7abf11d49dcff72c8ecb320f76ea6e2c5717"
            ],
            "markers": "python_version >= '3.7'",
            "version": "==9.1.0"
        },
        "pyparsing": {
            "hashes": [
                "sha256:18ee9022775d270c55187733956460083db60b37d0d0fb357445f3094eed3eea",
                "sha256:a6c06a88f252e6c322f65faf8f418b16213b51bdfaece0524c1c1bc30c63c484"
            ],
            "markers": "python_version >= '3.6'",
            "version": "==3.0.7"
        },
        "send2trash": {
            "hashes": [
                "sha256:d2c24762fd3759860a0aff155e45871447ea58d2be6bdd39b5c8f966a0c99c2d",
                "sha256:f20eaadfdb517eaca5ce077640cb261c7d2698385a6a0f072a4a5447fd49fa08"
            ],
            "index": "pypi",
            "version": "==1.8.0"
        },
        "workflow": {
            "editable": true,
            "path": "."
        }
    },
    "develop": {
        "altgraph": {
            "hashes": [
                "sha256:743628f2ac6a7c26f5d9223c91ed8ecbba535f506f4b6f558885a8a56a105857",
                "sha256:ebf2269361b47d97b3b88e696439f6e4cbc607c17c51feb1754f90fb79839158"
            ],
            "version": "==0.17.2"
        },
        "macholib": {
            "hashes": [
                "sha256:001bf281279b986a66d7821790d734e61150d52f40c080899df8fefae056e9f7",
                "sha256:5a0742b587e6e57bfade1ab90651d4877185bf66fd4a176a488116de36878229"
            ],
            "markers": "sys_platform == 'darwin'",
            "version": "==1.16"
        },
        "pyinstaller": {
            "hashes": [
                "sha256:05c21117b84199272ebd355b556af4714f6e79245e1c435d6f16653786d7d17e",
                "sha256:0dcaf6557cdb2da763c46e06e95a94a7634ab03fb09d91bc77988b01ee05c907",
                "sha256:15557cd1a79d182967f0a5040750e6902e13ebd6cab41e3ed84d7b28a306357b",
                "sha256:581620bdcd32f01e89b13231256b807bb090e7eadf40c81c864ec402afa4758a",
                "sha256:70c71e827f4b34602cbc7a0947a067b662c1cbdc4db51832e13b97cca3c54dd7",
                "sha256:714c4dcc319a41416744d1e30c6317405dfaed80d2adc45f8bfa70dc7367e664",
                "sha256:7749c868d2e2dc84df7d6f65437226183c8a366f3a99bb2737785625c3a3cca1",
                "sha256:7d94518ba1f8e9a8577345312276891ad7d6cd9785e453e9951b35647e2c7078",
                "sha256:cfed0b3a43e73550a43a094610328109564710b9514afa093ef7199d072cae87",
                "sha256:d4f79c0a774451f12baca4e476376418f011fa3039dde8fd172ea2aa8ff67bad",
                "sha256:f2166ff2cd95eefb0d377ae8d1071f186fa25edd410ede65b376162d5ec41909"
            ],
            "index": "pypi",
            "version": "==4.10"
        },
        "pyinstaller-hooks-contrib": {
            "hashes": [
                "sha256:9765e68552803327d58f6c5eca970bb245b7cdf073e2f912a2a3cb50360bc2d8",
                "sha256:9fa4ca03d058cba676c3cc16005076ce6a529f144c08b87c69998625fbd84e0a"
            ],
            "markers": "python_version >= '3.7'",
            "version": "==2022.3"
        },
        "setuptools": {
            "hashes": [
                "sha256:7999cbd87f1b6e1f33bf47efa368b224bed5e27b5ef2c4d46580186cbcb1a86a",
                "sha256:a65e3802053e99fc64c6b3b29c11132943d5b8c8facbcc461157511546510967"
            ],
            "markers": "python_version >= '3.7'",
            "version": "==62.0.0"
        }
    }
}
